Microsoft Visual Studio Solution File, Format Version 12.00
# Visual Studio Version 17
VisualStudioVersion = 17.5.2.0
MinimumVisualStudioVersion = 10.0.40219.1
Project("{FAE04EC0-301F-11D3-BF4B-00C04F79EFBC}") = "MealPlanPlatform.API", "MealPlanPlatform.API.csproj", "{6949252D-8FB8-0350-DD53-E68C4F7356C0}"
EndProject
Global
	GlobalSection(SolutionConfigurationPlatforms) = preSolution
		Debug|Any CPU = Debug|Any CPU
		Release|Any CPU = Release|Any CPU
	EndGlobalSection
	GlobalSection(ProjectConfigurationPlatforms) = postSolution
		{6949252D-8FB8-0350-DD53-E68C4F7356C0}.Debug|Any CPU.ActiveCfg = Debug|Any CPU
		{6949252D-8FB8-0350-DD53-E68C4F7356C0}.Debug|Any CPU.Build.0 = Debug|Any CPU
		{6949252D-8FB8-0350-DD53-E68C4F7356C0}.Release|Any CPU.ActiveCfg = Release|Any CPU
		{6949252D-8FB8-0350-DD53-E68C4F7356C0}.Release|Any CPU.Build.0 = Release|Any CPU
	EndGlobalSection
	GlobalSection(SolutionProperties) = preSolution
		HideSolutionNode = FALSE
	EndGlobalSection
	GlobalSection(ExtensibilityGlobals) = postSolution
		SolutionGuid = {613867E0-0860-4DF2-9951-96589D21606E}
	EndGlobalSection
EndGlobal
